
Microsoft Visual Studio Solution File, Format Version 12.00
# Visual Studio Version 16
VisualStudioVersion = 16.0.31624.102
MinimumVisualStudioVersion = 10.0.40219.1
Project("{FAE04EC0-301F-11D3-BF4B-00C04F79EFBC}") = "JotDown.DataAccess", "JotDown.DataAccess\JotDown.DataAccess.csproj", "{36C55552-CA52-4BCC-A805-8C65233A4668}"
EndProject
Project("{FAE04EC0-301F-11D3-BF4B-00C04F79EFBC}") = "JotDown.Business", "JotDown.Bussiness\JotDown.Business.csproj", "{D9BFDF06-0CF2-44A7-955C-4AA25A0FA8C7}"
EndProject
Project("{FAE04EC0-301F-11D3-BF4B-00C04F79EFBC}") = "JotDown.Api", "JotDown.Api\JotDown.Api.csproj", "{3BA690E3-4093-4137-8374-3BB6EBE8CA89}"
EndProject
Project("{FAE04EC0-301F-11D3-BF4B-00C04F79EFBC}") = "JotDown.Entities", "JotDown.Entities\JotDown.Entities.csproj", "{1FC7C0A5-1C60-4AF1-9633-D6484C840C29}"
EndProject
Global
	GlobalSection(SolutionConfigurationPlatforms) = preSolution
		Debug|Any CPU = Debug|Any CPU
		Release|Any CPU = Release|Any CPU
	EndGlobalSection
	GlobalSection(ProjectConfigurationPlatforms) = postSolution
		{36C55552-CA52-4BCC-A805-8C65233A4668}.Debug|Any CPU.ActiveCfg = Debug|Any CPU
		{36C55552-CA52-4BCC-A805-8C65233A4668}.Debug|Any CPU.Build.0 = Debug|Any CPU
		{36C55552-CA52-4BCC-A805-8C65233A4668}.Release|Any CPU.ActiveCfg = Release|Any CPU
		{36C55552-CA52-4BCC-A805-8C65233A4668}.Release|Any CPU.Build.0 = Release|Any CPU
		{D9BFDF06-0CF2-44A7-955C-4AA25A0FA8C7}.Debug|Any CPU.ActiveCfg = Debug|Any CPU
		{D9BFDF06-0CF2-44A7-955C-4AA25A0FA8C7}.Debug|Any CPU.Build.0 = Debug|Any CPU
		{D9BFDF06-0CF2-44A7-955C-4AA25A0FA8C7}.Release|Any CPU.ActiveCfg = Release|Any CPU
		{D9BFDF06-0CF2-44A7-955C-4AA25A0FA8C7}.Release|Any CPU.Build.0 = Release|Any CPU
		{3BA690E3-4093-4137-8374-3BB6EBE8CA89}.Debug|Any CPU.ActiveCfg = Debug|Any CPU
		{3BA690E3-4093-4137-8374-3BB6EBE8CA89}.Debug|Any CPU.Build.0 = Debug|Any CPU
		{3BA690E3-4093-4137-8374-3BB6EBE8CA89}.Release|Any CPU.ActiveCfg = Release|Any CPU
		{3BA690E3-4093-4137-8374-3BB6EBE8CA89}.Release|Any CPU.Build.0 = Release|Any CPU
		{1FC7C0A5-1C60-4AF1-9633-D6484C840C29}.Debug|Any CPU.ActiveCfg = Debug|Any CPU
		{1FC7C0A5-1C60-4AF1-9633-D6484C840C29}.Debug|Any CPU.Build.0 = Debug|Any CPU
		{1FC7C0A5-1C60-4AF1-9633-D6484C840C29}.Release|Any CPU.ActiveCfg = Release|Any CPU
		{1FC7C0A5-1C60-4AF1-9633-D6484C840C29}.Release|Any CPU.Build.0 = Release|Any CPU
	EndGlobalSection
	GlobalSection(SolutionProperties) = preSolution
		HideSolutionNode = FALSE
	EndGlobalSection
	GlobalSection(ExtensibilityGlobals) = postSolution
		SolutionGuid = {52F2C4BD-CD5E-4BC9-8AF3-169DB417B8E3}
	EndGlobalSection
EndGlobal
